
Microsoft Visual Studio Solution File, Format Version 12.00
# Visual Studio Version 17
VisualStudioVersion = 17.0.31912.275
MinimumVisualStudioVersion = 10.0.40219.1
Project("{FAE04EC0-301F-11D3-BF4B-00C04F79EFBC}") = "fizz", "fizz\fizz.csproj", "{AE4E0033-C2B3-42AD-898A-9ACB9FB7F304}"
EndProject
Global
	GlobalSection(SolutionConfigurationPlatforms) = preSolution
		Debug|Any CPU = Debug|Any CPU
		Release|Any CPU = Release|Any CPU
	EndGlobalSection
	GlobalSection(ProjectConfigurationPlatforms) = postSolution
		{AE4E0033-C2B3-42AD-898A-9ACB9FB7F304}.Debug|Any CPU.ActiveCfg = Debug|Any CPU
		{AE4E0033-C2B3-42AD-898A-9ACB9FB7F304}.Debug|Any CPU.Build.0 = Debug|Any CPU
		{AE4E0033-C2B3-42AD-898A-9ACB9FB7F304}.Release|Any CPU.ActiveCfg = Release|Any CPU
		{AE4E0033-C2B3-42AD-898A-9ACB9FB7F304}.Release|Any CPU.Build.0 = Release|Any CPU
	EndGlobalSection
	GlobalSection(SolutionProperties) = preSolution
		HideSolutionNode = FALSE
	EndGlobalSection
	GlobalSection(ExtensibilityGlobals) = postSolution
		SolutionGuid = {0F1BEA84-83FA-4DF3-A2C5-D4BBDEF6C39B}
	EndGlobalSection
EndGlobal
